
Microsoft Visual Studio Solution File, Format Version 12.00
# Visual Studio Version 17
VisualStudioVersion = 17.0.32112.339
MinimumVisualStudioVersion = 10.0.40219.1
Project("{F184B08F-C81C-45F6-A57F-5ABD9991F28F}") = "201801457_HOSPITAL", "201801457_HOSPITAL.vbproj", "{35156FD2-D99B-428C-B2A6-F83B4F04B0BB}"
EndProject
Global
	GlobalSection(SolutionConfigurationPlatforms) = preSolution
		Debug|Any CPU = Debug|Any CPU
		Release|Any CPU = Release|Any CPU
	EndGlobalSection
	GlobalSection(ProjectConfigurationPlatforms) = postSolution
		{35156FD2-D99B-428C-B2A6-F83B4F04B0BB}.Debug|Any CPU.ActiveCfg = Debug|Any CPU
		{35156FD2-D99B-428C-B2A6-F83B4F04B0BB}.Debug|Any CPU.Build.0 = Debug|Any CPU
		{35156FD2-D99B-428C-B2A6-F83B4F04B0BB}.Release|Any CPU.ActiveCfg = Release|Any CPU
		{35156FD2-D99B-428C-B2A6-F83B4F04B0BB}.Release|Any CPU.Build.0 = Release|Any CPU
	EndGlobalSection
	GlobalSection(SolutionProperties) = preSolution
		HideSolutionNode = FALSE
	EndGlobalSection
	GlobalSection(ExtensibilityGlobals) = postSolution
		SolutionGuid = {D190991B-F00A-4626-8DAF-689F87BDAC3A}
	EndGlobalSection
EndGlobal
